
Microsoft Visual Studio Solution File, Format Version 12.00
# Visual Studio 15
VisualStudioVersion = 15.0.28307.329
MinimumVisualStudioVersion = 10.0.40219.1
Project("{FAE04EC0-301F-11D3-BF4B-00C04F79EFBC}") = "Marbles14", "Marbles14\Marbles14.csproj", "{B84C8BF3-C245-47DB-9A97-D953E9FC8FEC}"
EndProject
Global
	GlobalSection(SolutionConfigurationPlatforms) = preSolution
		Debug|Any CPU = Debug|Any CPU
		Release|Any CPU = Release|Any CPU
	EndGlobalSection
	GlobalSection(ProjectConfigurationPlatforms) = postSolution
		{B84C8BF3-C245-47DB-9A97-D953E9FC8FEC}.Debug|Any CPU.ActiveCfg = Debug|Any CPU
		{B84C8BF3-C245-47DB-9A97-D953E9FC8FEC}.Debug|Any CPU.Build.0 = Debug|Any CPU
		{B84C8BF3-C245-47DB-9A97-D953E9FC8FEC}.Release|Any CPU.ActiveCfg = Release|Any CPU
		{B84C8BF3-C245-47DB-9A97-D953E9FC8FEC}.Release|Any CPU.Build.0 = Release|Any CPU
	EndGlobalSection
	GlobalSection(SolutionProperties) = preSolution
		HideSolutionNode = FALSE
	EndGlobalSection
	GlobalSection(ExtensibilityGlobals) = postSolution
		SolutionGuid = {7F59F862-B8D1-4FAD-84D5-85D9B30AA475}
	EndGlobalSection
EndGlobal
